
Microsoft Visual Studio Solution File, Format Version 12.00
# Visual Studio Version 16
VisualStudioVersion = 16.0.30523.141
MinimumVisualStudioVersion = 10.0.40219.1
Project("{FAE04EC0-301F-11D3-BF4B-00C04F79EFBC}") = "EdlinkCapstone", "EdlinkCapstone\EdlinkCapstone.csproj", "{7BDD7BD4-0588-4BBB-917E-0B7C92953C12}"
EndProject
Global
	GlobalSection(SolutionConfigurationPlatforms) = preSolution
		Debug|Any CPU = Debug|Any CPU
		Release|Any CPU = Release|Any CPU
	EndGlobalSection
	GlobalSection(ProjectConfigurationPlatforms) = postSolution
		{7BDD7BD4-0588-4BBB-917E-0B7C92953C12}.Debug|Any CPU.ActiveCfg = Debug|Any CPU
		{7BDD7BD4-0588-4BBB-917E-0B7C92953C12}.Debug|Any CPU.Build.0 = Debug|Any CPU
		{7BDD7BD4-0588-4BBB-917E-0B7C92953C12}.Release|Any CPU.ActiveCfg = Release|Any CPU
		{7BDD7BD4-0588-4BBB-917E-0B7C92953C12}.Release|Any CPU.Build.0 = Release|Any CPU
	EndGlobalSection
	GlobalSection(SolutionProperties) = preSolution
		HideSolutionNode = FALSE
	EndGlobalSection
	GlobalSection(ExtensibilityGlobals) = postSolution
		SolutionGuid = {1918CB38-B9D5-4B75-8FC3-A322703B39B4}
	EndGlobalSection
EndGlobal
